{
  "version": 4,
  "terraform_version": "1.9.0",
  "serial": 35,
  "lineage": "d6d07d8c-9710-dd93-b48a-1b3f2fbabace",
  "outputs": {},
  "resources": [
    {
      "mode": "data",
      "type": "archive_file",
      "name": "lambda_zip",
      "provider": "provider[\"registry.terraform.io/hashicorp/archive\"]",
      "instances": [
        {
          "schema_version": 0,
          "attributes": {
            "exclude_symlink_directories": null,
            "excludes": null,
            "id": "db2486f901e244b6a2a60bd5cc535762a4a09747",
            "output_base64sha256": "W2qz2OrjRXcAMsKdrDPh+qvKO++RS/ZNG9LyTHmCg2k=",
            "output_base64sha512": "cwYzCOPbjj+SmXDSXDWc/0y0C6myv4purFEIjaF+VthdJiZBUm/BMcFzmqwPhGJMD+GQYJkKQtDNk+iElV3xYw==",
            "output_file_mode": null,
            "output_md5": "fa0c9f7e93139ba801a6500d4cdfb33a",
            "output_path": "lambda_function.zip",
            "output_sha": "db2486f901e244b6a2a60bd5cc535762a4a09747",
            "output_sha256": "5b6ab3d8eae345770032c29dac33e1faabca3bef914bf64d1bd2f24c79828369",
            "output_sha512": "73063308e3db8e3f929970d25c359cff4cb40ba9b2bf8a6eac51088da17e56d85d262641526fc131c1739aac0f84624c0fe19060990a42d0cd93e884955df163",
            "output_size": 385,
            "source": [],
            "source_content": null,
            "source_content_filename": null,
            "source_dir": null,
            "source_file": "lambda_function.py",
            "type": "zip"
          },
          "sensitive_attributes": []
        }
      ]
    },
    {
      "mode": "managed",
      "type": "aws_cloudwatch_event_rule",
      "name": "every_minute",
      "provider": "provider[\"registry.terraform.io/hashicorp/aws\"]",
      "instances": [
        {
          "schema_version": 1,
          "attributes": {
            "arn": "arn:aws:events:us-east-1:987492963128:rule/RunPHPHelloWorldEveryMinute",
            "description": "Run Lambda every minute",
            "event_bus_name": "default",
            "event_pattern": null,
            "force_destroy": false,
            "id": "RunPHPHelloWorldEveryMinute",
            "is_enabled": true,
            "name": "RunPHPHelloWorldEveryMinute",
            "name_prefix": "",
            "role_arn": "",
            "schedule_expression": "rate(1 minute)",
            "state": "ENABLED",
            "tags": null,
            "tags_all": {}
          },
          "sensitive_attributes": [],
          "private": "eyJzY2hlbWFfdmVyc2lvbiI6IjEifQ=="
        }
      ]
    },
    {
      "mode": "managed",
      "type": "aws_cloudwatch_event_target",
      "name": "lambda_target",
      "provider": "provider[\"registry.terraform.io/hashicorp/aws\"]",
      "instances": [
        {
          "schema_version": 1,
          "attributes": {
            "arn": "arn:aws:lambda:us-east-1:987492963128:function:InvokeSSMRunCommand",
            "batch_target": [],
            "dead_letter_config": [],
            "ecs_target": [],
            "event_bus_name": "default",
            "force_destroy": false,
            "http_target": [],
            "id": "RunPHPHelloWorldEveryMinute-LambdaFunction",
            "input": "",
            "input_path": "",
            "input_transformer": [],
            "kinesis_target": [],
            "redshift_target": [],
            "retry_policy": [],
            "role_arn": "",
            "rule": "RunPHPHelloWorldEveryMinute",
            "run_command_targets": [],
            "sagemaker_pipeline_target": [],
            "sqs_target": [],
            "target_id": "LambdaFunction"
          },
          "sensitive_attributes": [],
          "private": "eyJzY2hlbWFfdmVyc2lvbiI6IjEifQ==",
          "dependencies": [
            "aws_cloudwatch_event_rule.every_minute",
            "aws_iam_instance_profile.ec2_role_profile",
            "aws_iam_role.ec2_role",
            "aws_iam_role.lambda_role",
            "aws_instance.php_server",
            "aws_lambda_function.invoke_ssm"
          ]
        }
      ]
    },
    {
      "mode": "managed",
      "type": "aws_iam_instance_profile",
      "name": "ec2_role_profile",
      "provider": "provider[\"registry.terraform.io/hashicorp/aws\"]",
      "instances": [
        {
          "schema_version": 0,
          "attributes": {
            "arn": "arn:aws:iam::987492963128:instance-profile/EC2InstanceProfile",
            "create_date": "2024-08-09T10:41:14Z",
            "id": "EC2InstanceProfile",
            "name": "EC2InstanceProfile",
            "name_prefix": "",
            "path": "/",
            "role": "EC2-SSM-EventBridge-Role",
            "tags": {},
            "tags_all": {},
            "unique_id": "AIPA6L2ZK2M4GG3UBZS73"
          },
          "sensitive_attributes": [],
          "private": "bnVsbA==",
          "dependencies": [
            "aws_iam_role.ec2_role"
          ]
        }
      ]
    },
    {
      "mode": "managed",
      "type": "aws_iam_policy_attachment",
      "name": "ec2_ssm_policy",
      "provider": "provider[\"registry.terraform.io/hashicorp/aws\"]",
      "instances": [
        {
          "schema_version": 0,
          "attributes": {
            "groups": [],
            "id": "ec2-ssm-policy-attachment",
            "name": "ec2-ssm-policy-attachment",
            "policy_arn": "arn:aws:iam::aws:policy/AmazonSSMFullAccess",
            "roles": [
              "EC2-SSM-EventBridge-Role",
              "Lambda-SSM-Invoke-Role"
            ],
            "users": []
          },
          "sensitive_attributes": [],
          "private": "bnVsbA==",
          "dependencies": [
            "aws_iam_role.ec2_role"
          ]
        }
      ]
    },
    {
      "mode": "managed",
      "type": "aws_iam_policy_attachment",
      "name": "lambda_ssm_policy",
      "provider": "provider[\"registry.terraform.io/hashicorp/aws\"]",
      "instances": [
        {
          "schema_version": 0,
          "attributes": {
            "groups": [],
            "id": "lambda-ssm-policy-attachment",
            "name": "lambda-ssm-policy-attachment",
            "policy_arn": "arn:aws:iam::aws:policy/AmazonSSMFullAccess",
            "roles": [
              "EC2-SSM-EventBridge-Role",
              "Lambda-SSM-Invoke-Role"
            ],
            "users": []
          },
          "sensitive_attributes": [],
          "private": "bnVsbA==",
          "dependencies": [
            "aws_iam_role.lambda_role"
          ]
        }
      ]
    },
    {
      "mode": "managed",
      "type": "aws_iam_role",
      "name": "ec2_role",
      "provider": "provider[\"registry.terraform.io/hashicorp/aws\"]",
      "instances": [
        {
          "schema_version": 0,
          "attributes": {
            "arn": "arn:aws:iam::987492963128:role/EC2-SSM-EventBridge-Role",
            "assume_role_policy": "{\"Statement\":[{\"Action\":\"sts:AssumeRole\",\"Effect\":\"Allow\",\"Principal\":{\"Service\":\"ec2.amazonaws.com\"}}],\"Version\":\"2012-10-17\"}",
            "create_date": "2024-08-09T10:41:13Z",
            "description": "",
            "force_detach_policies": false,
            "id": "EC2-SSM-EventBridge-Role",
            "inline_policy": [],
            "managed_policy_arns": [
              "arn:aws:iam::aws:policy/AmazonSSMFullAccess"
            ],
            "max_session_duration": 3600,
            "name": "EC2-SSM-EventBridge-Role",
            "name_prefix": "",
            "path": "/",
            "permissions_boundary": "",
            "tags": {},
            "tags_all": {},
            "unique_id": "AROA6L2ZK2M4DCYG6U2YW"
          },
          "sensitive_attributes": [],
          "private": "bnVsbA=="
        }
      ]
    },
    {
      "mode": "managed",
      "type": "aws_iam_role",
      "name": "lambda_role",
      "provider": "provider[\"registry.terraform.io/hashicorp/aws\"]",
      "instances": [
        {
          "schema_version": 0,
          "attributes": {
            "arn": "arn:aws:iam::987492963128:role/Lambda-SSM-Invoke-Role",
            "assume_role_policy": "{\"Statement\":[{\"Action\":\"sts:AssumeRole\",\"Effect\":\"Allow\",\"Principal\":{\"Service\":\"lambda.amazonaws.com\"}}],\"Version\":\"2012-10-17\"}",
            "create_date": "2024-08-09T10:39:40Z",
            "description": "",
            "force_detach_policies": false,
            "id": "Lambda-SSM-Invoke-Role",
            "inline_policy": [],
            "managed_policy_arns": [
              "arn:aws:iam::aws:policy/AmazonSSMFullAccess"
            ],
            "max_session_duration": 3600,
            "name": "Lambda-SSM-Invoke-Role",
            "name_prefix": "",
            "path": "/",
            "permissions_boundary": "",
            "tags": {},
            "tags_all": {},
            "unique_id": "AROA6L2ZK2M4LU7DIEUBP"
          },
          "sensitive_attributes": [],
          "private": "bnVsbA=="
        }
      ]
    },
    {
      "mode": "managed",
      "type": "aws_instance",
      "name": "php_server",
      "provider": "provider[\"registry.terraform.io/hashicorp/aws\"]",
      "instances": [
        {
          "schema_version": 1,
          "attributes": {
            "ami": "ami-0e36db3a3a535e401",
            "arn": "arn:aws:ec2:us-east-1:987492963128:instance/i-0426326d53c760408",
            "associate_public_ip_address": true,
            "availability_zone": "us-east-1a",
            "capacity_reservation_specification": [
              {
                "capacity_reservation_preference": "open",
                "capacity_reservation_target": []
              }
            ],
            "cpu_core_count": 2,
            "cpu_options": [
              {
                "amd_sev_snp": "",
                "core_count": 2,
                "threads_per_core": 1
              }
            ],
            "cpu_threads_per_core": 1,
            "credit_specification": [
              {
                "cpu_credits": "unlimited"
              }
            ],
            "disable_api_stop": false,
            "disable_api_termination": false,
            "ebs_block_device": [],
            "ebs_optimized": false,
            "enclave_options": [
              {
                "enabled": false
              }
            ],
            "ephemeral_block_device": [],
            "get_password_data": false,
            "hibernation": false,
            "host_id": "",
            "host_resource_group_arn": null,
            "iam_instance_profile": "EC2InstanceProfile",
            "id": "i-0426326d53c760408",
            "instance_initiated_shutdown_behavior": "stop",
            "instance_lifecycle": "",
            "instance_market_options": [],
            "instance_state": "running",
            "instance_type": "t4g.micro",
            "ipv6_address_count": 0,
            "ipv6_addresses": [],
            "key_name": "",
            "launch_template": [],
            "maintenance_options": [
              {
                "auto_recovery": "default"
              }
            ],
            "metadata_options": [
              {
                "http_endpoint": "enabled",
                "http_protocol_ipv6": "disabled",
                "http_put_response_hop_limit": 2,
                "http_tokens": "required",
                "instance_metadata_tags": "disabled"
              }
            ],
            "monitoring": false,
            "network_interface": [],
            "outpost_arn": "",
            "password_data": "",
            "placement_group": "",
            "placement_partition_number": 0,
            "primary_network_interface_id": "eni-0da9f937516f2a162",
            "private_dns": "ip-172-31-18-13.ec2.internal",
            "private_dns_name_options": [
              {
                "enable_resource_name_dns_a_record": false,
                "enable_resource_name_dns_aaaa_record": false,
                "hostname_type": "ip-name"
              }
            ],
            "private_ip": "172.31.18.13",
            "public_dns": "ec2-3-81-228-116.compute-1.amazonaws.com",
            "public_ip": "3.81.228.116",
            "root_block_device": [
              {
                "delete_on_termination": true,
                "device_name": "/dev/xvda",
                "encrypted": false,
                "iops": 3000,
                "kms_key_id": "",
                "tags": {},
                "tags_all": {},
                "throughput": 125,
                "volume_id": "vol-0d49b8623b95d969d",
                "volume_size": 8,
                "volume_type": "gp3"
              }
            ],
            "secondary_private_ips": [],
            "security_groups": [
              "default"
            ],
            "source_dest_check": true,
            "spot_instance_request_id": "",
            "subnet_id": "subnet-0da373a5ec08a2071",
            "tags": {
              "Name": "PHP-Server"
            },
            "tags_all": {
              "Name": "PHP-Server"
            },
            "tenancy": "default",
            "timeouts": null,
            "user_data": "5aa37357cf6d8650e14f48ad32ea28ddf66730be",
            "user_data_base64": null,
            "user_data_replace_on_change": false,
            "volume_tags": null,
            "vpc_security_group_ids": [
              "sg-01d6ff9579d907372"
            ]
          },
          "sensitive_attributes": [],
          "private": "eyJlMmJmYjczMC1lY2FhLTExZTYtOGY4OC0zNDM2M2JjN2M0YzAiOnsiY3JlYXRlIjo2MDAwMDAwMDAwMDAsImRlbGV0ZSI6MTIwMDAwMDAwMDAwMCwicmVhZCI6OTAwMDAwMDAwMDAwLCJ1cGRhdGUiOjYwMDAwMDAwMDAwMH0sInNjaGVtYV92ZXJzaW9uIjoiMSJ9",
          "dependencies": [
            "aws_iam_instance_profile.ec2_role_profile",
            "aws_iam_role.ec2_role"
          ]
        }
      ]
    },
    {
      "mode": "managed",
      "type": "aws_lambda_function",
      "name": "invoke_ssm",
      "provider": "provider[\"registry.terraform.io/hashicorp/aws\"]",
      "instances": [
        {
          "schema_version": 0,
          "attributes": {
            "architectures": [
              "x86_64"
            ],
            "arn": "arn:aws:lambda:us-east-1:987492963128:function:InvokeSSMRunCommand",
            "code_sha256": "W2qz2OrjRXcAMsKdrDPh+qvKO++RS/ZNG9LyTHmCg2k=",
            "code_signing_config_arn": "",
            "dead_letter_config": [],
            "description": "",
            "environment": [
              {
                "variables": {
                  "INSTANCE_ID": "i-0426326d53c760408"
                }
              }
            ],
            "ephemeral_storage": [
              {
                "size": 512
              }
            ],
            "file_system_config": [],
            "filename": "lambda_function.zip",
            "function_name": "InvokeSSMRunCommand",
            "handler": "lambda_function.lambda_handler",
            "id": "InvokeSSMRunCommand",
            "image_config": [],
            "image_uri": "",
            "invoke_arn": "arn:aws:apigateway:us-east-1:lambda:path/2015-03-31/functions/arn:aws:lambda:us-east-1:987492963128:function:InvokeSSMRunCommand/invocations",
            "kms_key_arn": "",
            "last_modified": "2024-08-09T10:57:28.933+0000",
            "layers": null,
            "logging_config": [
              {
                "application_log_level": "",
                "log_format": "Text",
                "log_group": "/aws/lambda/InvokeSSMRunCommand",
                "system_log_level": ""
              }
            ],
            "memory_size": 128,
            "package_type": "Zip",
            "publish": false,
            "qualified_arn": "arn:aws:lambda:us-east-1:987492963128:function:InvokeSSMRunCommand:$LATEST",
            "qualified_invoke_arn": "arn:aws:apigateway:us-east-1:lambda:path/2015-03-31/functions/arn:aws:lambda:us-east-1:987492963128:function:InvokeSSMRunCommand:$LATEST/invocations",
            "replace_security_groups_on_destroy": null,
            "replacement_security_group_ids": null,
            "reserved_concurrent_executions": -1,
            "role": "arn:aws:iam::987492963128:role/Lambda-SSM-Invoke-Role",
            "runtime": "python3.8",
            "s3_bucket": null,
            "s3_key": null,
            "s3_object_version": null,
            "signing_job_arn": "",
            "signing_profile_version_arn": "",
            "skip_destroy": false,
            "snap_start": [],
            "source_code_hash": "W2qz2OrjRXcAMsKdrDPh+qvKO++RS/ZNG9LyTHmCg2k=",
            "source_code_size": 385,
            "tags": null,
            "tags_all": {},
            "timeout": 3,
            "timeouts": null,
            "tracing_config": [
              {
                "mode": "PassThrough"
              }
            ],
            "version": "$LATEST",
            "vpc_config": []
          },
          "sensitive_attributes": [],
          "private": "eyJlMmJmYjczMC1lY2FhLTExZTYtOGY4OC0zNDM2M2JjN2M0YzAiOnsiY3JlYXRlIjo2MDAwMDAwMDAwMDAsImRlbGV0ZSI6NjAwMDAwMDAwMDAwLCJ1cGRhdGUiOjYwMDAwMDAwMDAwMH19",
          "dependencies": [
            "aws_iam_instance_profile.ec2_role_profile",
            "aws_iam_role.ec2_role",
            "aws_iam_role.lambda_role",
            "aws_instance.php_server"
          ]
        }
      ]
    },
    {
      "mode": "managed",
      "type": "aws_lambda_permission",
      "name": "allow_eventbridge",
      "provider": "provider[\"registry.terraform.io/hashicorp/aws\"]",
      "instances": [
        {
          "schema_version": 0,
          "attributes": {
            "action": "lambda:InvokeFunction",
            "event_source_token": null,
            "function_name": "InvokeSSMRunCommand",
            "function_url_auth_type": null,
            "id": "AllowExecutionFromEventBridge",
            "principal": "events.amazonaws.com",
            "principal_org_id": null,
            "qualifier": "",
            "source_account": null,
            "source_arn": "arn:aws:events:us-east-1:987492963128:rule/RunPHPHelloWorldEveryMinute",
            "statement_id": "AllowExecutionFromEventBridge",
            "statement_id_prefix": ""
          },
          "sensitive_attributes": [],
          "private": "bnVsbA==",
          "dependencies": [
            "aws_cloudwatch_event_rule.every_minute",
            "aws_iam_instance_profile.ec2_role_profile",
            "aws_iam_role.ec2_role",
            "aws_iam_role.lambda_role",
            "aws_instance.php_server",
            "aws_lambda_function.invoke_ssm"
          ]
        }
      ]
    }
  ],
  "check_results": null
}
